dependencies:
- name: postgresql
  repository: oci://registry-1.docker.io/bitnamicharts
  version: 15.5.5
- name: minio
  repository: oci://registry-1.docker.io/bitnamicharts
  version: 14.6.2
digest: sha256:8b827a16cd6a7906cb1f1b1a8269b1418b3b5021a705ce5c000c58220815209b
generated: "2024-06-15T16:13:57.028488-04:00"
